
Microsoft Visual Studio Solution File, Format Version 12.00
# Visual Studio Version 17
VisualStudioVersion = 17.11.35327.3
MinimumVisualStudioVersion = 10.0.40219.1
Project("{FAE04EC0-301F-11D3-BF4B-00C04F79EFBC}") = "BaiTap4", "BaiTap4\BaiTap4.csproj", "{08F5AB15-08D3-4026-A0B9-06A7F513184F}"
EndProject
Global
	GlobalSection(SolutionConfigurationPlatforms) = preSolution
		Debug|Any CPU = Debug|Any CPU
		Release|Any CPU = Release|Any CPU
	EndGlobalSection
	GlobalSection(ProjectConfigurationPlatforms) = postSolution
		{08F5AB15-08D3-4026-A0B9-06A7F513184F}.Debug|Any CPU.ActiveCfg = Debug|Any CPU
		{08F5AB15-08D3-4026-A0B9-06A7F513184F}.Debug|Any CPU.Build.0 = Debug|Any CPU
		{08F5AB15-08D3-4026-A0B9-06A7F513184F}.Release|Any CPU.ActiveCfg = Release|Any CPU
		{08F5AB15-08D3-4026-A0B9-06A7F513184F}.Release|Any CPU.Build.0 = Release|Any CPU
	EndGlobalSection
	GlobalSection(SolutionProperties) = preSolution
		HideSolutionNode = FALSE
	EndGlobalSection
	GlobalSection(ExtensibilityGlobals) = postSolution
		SolutionGuid = {BFC75C3C-8C27-4A65-B358-1B3F5FFEF8BF}
	EndGlobalSection
EndGlobal
